
Microsoft Visual Studio Solution File, Format Version 12.00
# Visual Studio Version 17
VisualStudioVersion = 17.6.33626.354
MinimumVisualStudioVersion = 10.0.40219.1
Project("{9A19103F-16F7-4668-BE54-9A1E7A4F7556}") = "WebServiceApi", "src\WebServiceApi\WebServiceApi.csproj", "{DDDCF470-2193-46A2-8EB0-E47C6C2874F8}"
EndProject
Project("{2150E333-8FDC-42A3-9474-1A3956D46DE8}") = "Tests", "Tests", "{63C7EE4C-24AC-4122-812C-D3146A13DA5E}"
EndProject
Project("{FAE04EC0-301F-11D3-BF4B-00C04F79EFBC}") = "WebService.Infrastructure", "src\WebService.Infrastructure\WebService.Infrastructure.csproj", "{D92E576E-CC10-437F-B1EA-124B55B2EE9A}"
EndProject
Global
	GlobalSection(SolutionConfigurationPlatforms) = preSolution
		Debug|Any CPU = Debug|Any CPU
		Release|Any CPU = Release|Any CPU
	EndGlobalSection
	GlobalSection(ProjectConfigurationPlatforms) = postSolution
		{DDDCF470-2193-46A2-8EB0-E47C6C2874F8}.Debug|Any CPU.ActiveCfg = Debug|Any CPU
		{DDDCF470-2193-46A2-8EB0-E47C6C2874F8}.Debug|Any CPU.Build.0 = Debug|Any CPU
		{DDDCF470-2193-46A2-8EB0-E47C6C2874F8}.Release|Any CPU.ActiveCfg = Release|Any CPU
		{DDDCF470-2193-46A2-8EB0-E47C6C2874F8}.Release|Any CPU.Build.0 = Release|Any CPU
		{D92E576E-CC10-437F-B1EA-124B55B2EE9A}.Debug|Any CPU.ActiveCfg = Debug|Any CPU
		{D92E576E-CC10-437F-B1EA-124B55B2EE9A}.Debug|Any CPU.Build.0 = Debug|Any CPU
		{D92E576E-CC10-437F-B1EA-124B55B2EE9A}.Release|Any CPU.ActiveCfg = Release|Any CPU
		{D92E576E-CC10-437F-B1EA-124B55B2EE9A}.Release|Any CPU.Build.0 = Release|Any CPU
	EndGlobalSection
	GlobalSection(SolutionProperties) = preSolution
		HideSolutionNode = FALSE
	EndGlobalSection
	GlobalSection(ExtensibilityGlobals) = postSolution
		SolutionGuid = {3736EDFD-FDE2-4329-B563-0FF821F2D867}
	EndGlobalSection
EndGlobal
